
Microsoft Visual Studio Solution File, Format Version 12.00
# Visual Studio Version 17
VisualStudioVersion = 17.4.33122.133
MinimumVisualStudioVersion = 10.0.40219.1
Project("{FAE04EC0-301F-11D3-BF4B-00C04F79EFBC}") = "haciendoApi", "haciendoApi\haciendoApi.csproj", "{49D85886-8CDE-44BE-8A28-DB506BE8DB60}"
EndProject
Global
	GlobalSection(SolutionConfigurationPlatforms) = preSolution
		Debug|Any CPU = Debug|Any CPU
		Release|Any CPU = Release|Any CPU
	EndGlobalSection
	GlobalSection(ProjectConfigurationPlatforms) = postSolution
		{49D85886-8CDE-44BE-8A28-DB506BE8DB60}.Debug|Any CPU.ActiveCfg = Debug|Any CPU
		{49D85886-8CDE-44BE-8A28-DB506BE8DB60}.Debug|Any CPU.Build.0 = Debug|Any CPU
		{49D85886-8CDE-44BE-8A28-DB506BE8DB60}.Release|Any CPU.ActiveCfg = Release|Any CPU
		{49D85886-8CDE-44BE-8A28-DB506BE8DB60}.Release|Any CPU.Build.0 = Release|Any CPU
	EndGlobalSection
	GlobalSection(SolutionProperties) = preSolution
		HideSolutionNode = FALSE
	EndGlobalSection
	GlobalSection(ExtensibilityGlobals) = postSolution
		SolutionGuid = {D3EE8DEA-FCFD-42E0-8486-E585A69EF888}
	EndGlobalSection
EndGlobal
